
Microsoft Visual Studio Solution File, Format Version 12.00
# Visual Studio Version 17
VisualStudioVersion = 17.1.32210.238
MinimumVisualStudioVersion = 10.0.40219.1
Project("{FAE04EC0-301F-11D3-BF4B-00C04F79EFBC}") = "A4.3_Loops", "A4.3_Loops\A4.3_Loops.csproj", "{3ECBCEC9-5BF4-4C8D-A9B1-26A531511A1F}"
EndProject
Global
	GlobalSection(SolutionConfigurationPlatforms) = preSolution
		Debug|Any CPU = Debug|Any CPU
		Release|Any CPU = Release|Any CPU
	EndGlobalSection
	GlobalSection(ProjectConfigurationPlatforms) = postSolution
		{3ECBCEC9-5BF4-4C8D-A9B1-26A531511A1F}.Debug|Any CPU.ActiveCfg = Debug|Any CPU
		{3ECBCEC9-5BF4-4C8D-A9B1-26A531511A1F}.Debug|Any CPU.Build.0 = Debug|Any CPU
		{3ECBCEC9-5BF4-4C8D-A9B1-26A531511A1F}.Release|Any CPU.ActiveCfg = Release|Any CPU
		{3ECBCEC9-5BF4-4C8D-A9B1-26A531511A1F}.Release|Any CPU.Build.0 = Release|Any CPU
	EndGlobalSection
	GlobalSection(SolutionProperties) = preSolution
		HideSolutionNode = FALSE
	EndGlobalSection
	GlobalSection(ExtensibilityGlobals) = postSolution
		SolutionGuid = {AF7A2550-4C16-4EA4-8AB4-B3001B9FA71C}
	EndGlobalSection
EndGlobal
